// !$*UTF8*$!
{
	archiveVersion = 1;
	classes = {
	};
	objectVersion = 46;
	objects = {

/* Begin PBXBuildFile section */
		1F0407821BFD376900C8E890 /* AppDelegate.swift in Sources */ = {isa = PBXBuildFile; fileRef = 1F0407811BFD376900C8E890 /* AppDelegate.swift */; };
		1F0407861BFD376900C8E890 /* GameScene.swift in Sources */ = {isa = PBXBuildFile; fileRef = 1F0407851BFD376900C8E890 /* GameScene.swift */; };
		1F0407881BFD376900C8E890 /* GameViewController.swift in Sources */ = {isa = PBXBuildFile; fileRef = 1F0407871BFD376900C8E890 /* GameViewController.swift */; };
		1F04078B1BFD376900C8E890 /* Main.storyboard in Resources */ = {isa = PBXBuildFile; fileRef = 1F0407891BFD376900C8E890 /* Main.storyboard */; };
		1F04078D1BFD376900C8E890 /* Assets.xcassets in Resources */ = {isa = PBXBuildFile; fileRef = 1F04078C1BFD376900C8E890 /* Assets.xcassets */; };
		1F0407901BFD376900C8E890 /* LaunchScreen.storyboard in Resources */ = {isa = PBXBuildFile; fileRef = 1F04078E1BFD376900C8E890 /* LaunchScreen.storyboard */; };
		1F04079C1BFD40BC00C8E890 /* background-music-aac.caf in Resources */ = {isa = PBXBuildFile; fileRef = 1F0407991BFD40BC00C8E890 /* background-music-aac.caf */; };
		1F04079D1BFD40BC00C8E890 /* pew-pew-lei.caf in Resources */ = {isa = PBXBuildFile; fileRef = 1F04079A1BFD40BC00C8E890 /* pew-pew-lei.caf */; };
		1F04079E1BFD40BC00C8E890 /* sprites.atlas in Resources */ = {isa = PBXBuildFile; fileRef = 1F04079B1BFD40BC00C8E890 /* sprites.atlas */; };
		1F0407A01BFEAF5A00C8E890 /* GameOverScene.swift in Sources */ = {isa = PBXBuildFile; fileRef = 1F04079F1BFEAF5A00C8E890 /* GameOverScene.swift */; };
/* End PBXBuildFile section */

/* Begin PBXFileReference section */
		1F04077E1BFD376900C8E890 /* SpriteKitSimpleGame.app */ = {isa = PBXFileReference; explicitFileType = wrapper.application; includeInIndex = 0; path = SpriteKitSimpleGame.app; sourceTree = BUILT_PRODUCTS_DIR; };
		1F0407811BFD376900C8E890 /* AppDelegate.swift */ = {isa = PBXFileReference; lastKnownFileType = sourcecode.swift; path = AppDelegate.swift; sourceTree = "<group>"; };
		1F0407851BFD376900C8E890 /* GameScene.swift */ = {isa = PBXFileReference; lastKnownFileType = sourcecode.swift; path = GameScene.swift; sourceTree = "<group>"; };
		1F0407871BFD376900C8E890 /* GameViewController.swift */ = {isa = PBXFileReference; lastKnownFileType = sourcecode.swift; path = GameViewController.swift; sourceTree = "<group>"; };
		1F04078A1BFD376900C8E890 /* Base */ = {isa = PBXFileReference; lastKnownFileType = file.storyboard; name = Base; path = Base.lproj/Main.storyboard; sourceTree = "<group>"; };
		1F04078C1BFD376900C8E890 /* Assets.xcassets */ = {isa = PBXFileReference; lastKnownFileType = folder.assetcatalog; path = Assets.xcassets; sourceTree = "<group>"; };
		1F04078F1BFD376900C8E890 /* Base */ = {isa = PBXFileReference; lastKnownFileType = file.storyboard; name = Base; path = Base.lproj/LaunchScreen.storyboard; sourceTree = "<group>"; };
		1F0407911BFD376900C8E890 /* Info.plist */ = {isa = PBXFileReference; lastKnownFileType = text.plist.xml; path = Info.plist; sourceTree = "<group>"; };
		1F0407991BFD40BC00C8E890 /* background-music-aac.caf */ = {isa = PBXFileReference; lastKnownFileType = file; path = "background-music-aac.caf"; sourceTree = "<group>"; };
		1F04079A1BFD40BC00C8E890 /* pew-pew-lei.caf */ = {isa = PBXFileReference; lastKnownFileType = file; path = "pew-pew-lei.caf"; sourceTree = "<group>"; };
		1F04079B1BFD40BC00C8E890 /* sprites.atlas */ = {isa = PBXFileReference; lastKnownFileType = folder.skatlas; path = sprites.atlas; sourceTree = "<group>"; };
		1F04079F1BFEAF5A00C8E890 /* GameOverScene.swift */ = {isa = PBXFileReference; fileEncoding = 4; lastKnownFileType = sourcecode.swift; path = GameOverScene.swift; sourceTree = "<group>"; };
/* End PBXFileReference section */

/* Begin PBXFrameworksBuildPhase section */
		1F04077B1BFD376900C8E890 /* Frameworks */ = {
			isa = PBXFrameworksBuildPhase;
			buildActionMask = 2147483647;
			files = (
			);
			runOnlyForDeploymentPostprocessing = 0;
		};
/* End PBXFrameworksBuildPhase section */

/* Begin PBXGroup section */
		1F0407751BFD376900C8E890 = {
			isa = PBXGroup;
			children = (
				1F0407801BFD376900C8E890 /* SpriteKitSimpleGame */,
				1F04077F1BFD376900C8E890 /* Products */,
				1F0407971BFD40BC00C8E890 /* SpriteKitSimpleGameResources */,
			);
			sourceTree = "<group>";
		};
		1F04077F1BFD376900C8E890 /* Products */ = {
			isa = PBXGroup;
			children = (
				1F04077E1BFD376900C8E890 /* SpriteKitSimpleGame.app */,
			);
			name = Products;
			sourceTree = "<group>";
		};
		1F0407801BFD376900C8E890 /* SpriteKitSimpleGame */ = {
			isa = PBXGroup;
			children = (
				1F0407811BFD376900C8E890 /* AppDelegate.swift */,
				1F0407851BFD376900C8E890 /* GameScene.swift */,
				1F04079F1BFEAF5A00C8E890 /* GameOverScene.swift */,
				1F0407871BFD376900C8E890 /* GameViewController.swift */,
				1F0407891BFD376900C8E890 /* Main.storyboard */,
				1F04078C1BFD376900C8E890 /* Assets.xcassets */,
				1F04078E1BFD376900C8E890 /* LaunchScreen.storyboard */,
				1F0407911BFD376900C8E890 /* Info.plist */,
			);
			path = SpriteKitSimpleGame;
			sourceTree = "<group>";
		};
		1F0407971BFD40BC00C8E890 /* SpriteKitSimpleGameResources */ = {
			isa = PBXGroup;
			children = (
				1F0407981BFD40BC00C8E890 /* Sounds */,
				1F04079B1BFD40BC00C8E890 /* sprites.atlas */,
			);
			path = SpriteKitSimpleGameResources;
			sourceTree = "<group>";
		};
		1F0407981BFD40BC00C8E890 /* Sounds */ = {
			isa = PBXGroup;
			children = (
				1F0407991BFD40BC00C8E890 /* background-music-aac.caf */,
				1F04079A1BFD40BC00C8E890 /* pew-pew-lei.caf */,
			);
			path = Sounds;
			sourceTree = "<group>";
		};
/* End PBXGroup section */

/* Begin PBXNativeTarget section */
		1F04077D1BFD376900C8E890 /* SpriteKitSimpleGame */ = {
			isa = PBXNativeTarget;
			buildConfigurationList = 1F0407941BFD376900C8E890 /* Build configuration list for PBXNativeTarget "SpriteKitSimpleGame" */;
			buildPhases = (
				1F04077A1BFD376900C8E890 /* Sources */,
				1F04077B1BFD376900C8E890 /* Frameworks */,
				1F04077C1BFD376900C8E890 /* Resources */,
			);
			buildRules = (
			);
			dependencies = (
			);
			name = SpriteKitSimpleGame;
			productName = SpriteKitSimpleGame;
			productReference = 1F04077E1BFD376900C8E890 /* SpriteKitSimpleGame.app */;
			productType = "com.apple.product-type.application";
		};
/* End PBXNativeTarget section */

/* Begin PBXProject section */
		1F0407761BFD376900C8E890 /* Project object */ = {
			isa = PBXProject;
			attributes = {
				LastSwiftUpdateCheck = 0710;
				LastUpgradeCheck = 0710;
				ORGANIZATIONNAME = "Dmytro Usik";
				TargetAttributes = {
					1F04077D1BFD376900C8E890 = {
						CreatedOnToolsVersion = 7.1.1;
					};
				};
			};
			buildConfigurationList = 1F0407791BFD376900C8E890 /* Build configuration list for PBXProject "SpriteKitSimpleGame" */;
			compatibilityVersion = "Xcode 3.2";
			developmentRegion = English;
			hasScannedForEncodings = 0;
			knownRegions = (
				en,
				Base,
			);
			mainGroup = 1F0407751BFD376900C8E890;
			productRefGroup = 1F04077F1BFD376900C8E890 /* Products */;
			projectDirPath = "";
			projectRoot = "";
			targets = (
				1F04077D1BFD376900C8E890 /* SpriteKitSimpleGame */,
			);
		};
/* End PBXProject section */

/* Begin PBXResourcesBuildPhase section */
		1F04077C1BFD376900C8E890 /* Resources */ = {
			isa = PBXResourcesBuildPhase;
			buildActionMask = 2147483647;
			files = (
				1F04079C1BFD40BC00C8E890 /* background-music-aac.caf in Resources */,
				1F0407901BFD376900C8E890 /* LaunchScreen.storyboard in Resources */,
				1F04078D1BFD376900C8E890 /* Assets.xcassets in Resources */,
				1F04079D1BFD40BC00C8E890 /* pew-pew-lei.caf in Resources */,
				1F04079E1BFD40BC00C8E890 /* sprites.atlas in Resources */,
				1F04078B1BFD376900C8E890 /* Main.storyboard in Resources */,
			);
			runOnlyForDeploymentPostprocessing = 0;
		};
/* End PBXResourcesBuildPhase section */

/* Begin PBXSourcesBuildPhase section */
		1F04077A1BFD376900C8E890 /* Sources */ = {
			isa = PBXSourcesBuildPhase;
			buildActionMask = 2147483647;
			files = (
				1F0407861BFD376900C8E890 /* GameScene.swift in Sources */,
				1F0407881BFD376900C8E890 /* GameViewController.swift in Sources */,
				1F0407A01BFEAF5A00C8E890 /* GameOverScene.swift in Sources */,
				1F0407821BFD376900C8E890 /* AppDelegate.swift in Sources */,
			);
			runOnlyForDeploymentPostprocessing = 0;
		};
/* End PBXSourcesBuildPhase section */

/* Begin PBXVariantGroup section */
		1F0407891BFD376900C8E890 /* Main.storyboard */ = {
			isa = PBXVariantGroup;
			children = (
				1F04078A1BFD376900C8E890 /* Base */,
			);
			name = Main.storyboard;
			sourceTree = "<group>";
		};
		1F04078E1BFD376900C8E890 /* LaunchScreen.storyboard */ = {
			isa = PBXVariantGroup;
			children = (
				1F04078F1BFD376900C8E890 /* Base */,
			);
			name = LaunchScreen.storyboard;
			sourceTree = "<group>";
		};
/* End PBXVariantGroup section */

/* Begin XCBuildConfiguration section */
		1F0407921BFD376900C8E890 /* Debug */ = {
			isa = XCBuildConfiguration;
			buildSettings = {
				ALWAYS_SEARCH_USER_PATHS = NO;
				CLANG_CXX_LANGUAGE_STANDARD = "gnu++0x";
				CLANG_CXX_LIBRARY = "libc++";
				CLANG_ENABLE_MODULES = YES;
				CLANG_ENABLE_OBJC_ARC = YES;
				CLANG_WARN_BOOL_CONVERSION = YES;
				CLANG_WARN_CONSTANT_CONVERSION = YES;
				CLANG_WARN_DIRECT_OBJC_ISA_USAGE = YES_ERROR;
				CLANG_WARN_EMPTY_BODY = YES;
				CLANG_WARN_ENUM_CONVERSION = YES;
				CLANG_WARN_INT_CONVERSION = YES;
				CLANG_WARN_OBJC_ROOT_CLASS = YES_ERROR;
				CLANG_WARN_UNREACHABLE_CODE = YES;
				CLANG_WARN__DUPLICATE_METHOD_MATCH = YES;
				"CODE_SIGN_IDENTITY[sdk=iphoneos*]" = "iPhone Developer";
				COPY_PHASE_STRIP = NO;
				DEBUG_INFORMATION_FORMAT = "dwarf-with-dsym";
				ENABLE_STRICT_OBJC_MSGSEND = YES;
				ENABLE_TESTABILITY = YES;
				GCC_C_LANGUAGE_STANDARD = gnu99;
				GCC_DYNAMIC_NO_PIC = NO;
				GCC_NO_COMMON_BLOCKS = YES;
				GCC_OPTIMIZATION_LEVEL = 0;
				GCC_PREPROCESSOR_DEFINITIONS = (
					"DEBUG=1",
					"$(inherited)",
				);
				GCC_WARN_64_TO_32_BIT_CONVERSION = YES;
				GCC_WARN_ABOUT_RETURN_TYPE = YES_ERROR;
				GCC_WARN_UNDECLARED_SELECTOR = YES;
				GCC_WARN_UNINITIALIZED_AUTOS = YES_AGGRESSIVE;
				GCC_WARN_UNUSED_FUNCTION = YES;
				GCC_WARN_UNUSED_VARIABLE = YES;
				IPHONEOS_DEPLOYMENT_TARGET = 9.1;
				MTL_ENABLE_DEBUG_INFO = YES;
				ONLY_ACTIVE_ARCH = YES;
				SDKROOT = iphoneos;
				SWIFT_OPTIMIZATION_LEVEL = "-Onone";
			};
			name = Debug;
		};
		1F0407931BFD376900C8E890 /* Release */ = {
			isa = XCBuildConfiguration;
			buildSettings = {
				ALWAYS_SEARCH_USER_PATHS = NO;
				CLANG_CXX_LANGUAGE_STANDARD = "gnu++0x";
				CLANG_CXX_LIBRARY = "libc++";
				CLANG_ENABLE_MODULES = YES;
				CLANG_ENABLE_OBJC_ARC = YES;
				CLANG_WARN_BOOL_CONVERSION = YES;
				CLANG_WARN_CONSTANT_CONVERSION = YES;
				CLANG_WARN_DIRECT_OBJC_ISA_USAGE = YES_ERROR;
				CLANG_WARN_EMPTY_BODY = YES;
				CLANG_WARN_ENUM_CONVERSION = YES;
				CLANG_WARN_INT_CONVERSION = YES;
				CLANG_WARN_OBJC_ROOT_CLASS = YES_ERROR;
				CLANG_WARN_UNREACHABLE_CODE = YES;
				CLANG_WARN__DUPLICATE_METHOD_MATCH = YES;
				"CODE_SIGN_IDENTITY[sdk=iphoneos*]" = "iPhone Developer";
				COPY_PHASE_STRIP = NO;
				DEBUG_INFORMATION_FORMAT = "dwarf-with-dsym";
				ENABLE_NS_ASSERTIONS = NO;
				ENABLE_STRICT_OBJC_MSGSEND = YES;
				GCC_C_LANGUAGE_STANDARD = gnu99;
				GCC_NO_COMMON_BLOCKS = YES;
				GCC_WARN_64_TO_32_BIT_CONVERSION = YES;
				GCC_WARN_ABOUT_RETURN_TYPE = YES_ERROR;
				GCC_WARN_UNDECLARED_SELECTOR = YES;
				GCC_WARN_UNINITIALIZED_AUTOS = YES_AGGRESSIVE;
				GCC_WARN_UNUSED_FUNCTION = YES;
				GCC_WARN_UNUSED_VARIABLE = YES;
				IPHONEOS_DEPLOYMENT_TARGET = 9.1;
				MTL_ENABLE_DEBUG_INFO = NO;
				SDKROOT = iphoneos;
				VALIDATE_PRODUCT = YES;
			};
			name = Release;
		};
		1F0407951BFD376900C8E890 /* Debug */ = {
			isa = XCBuildConfiguration;
			buildSettings = {
				ASSETCATALOG_COMPILER_APPICON_NAME = AppIcon;
				INFOPLIST_FILE = SpriteKitSimpleGame/Info.plist;
				LD_RUNPATH_SEARCH_PATHS = "$(inherited) @executable_path/Frameworks";
				PRODUCT_BUNDLE_IDENTIFIER = org.mitien.SpriteKitSimpleGame;
				PRODUCT_NAME = "$(TARGET_NAME)";
				TARGETED_DEVICE_FAMILY = 1;
			};
			name = Debug;
		};
		1F0407961BFD376900C8E890 /* Release */ = {
			isa = XCBuildConfiguration;
			buildSettings = {
				ASSETCATALOG_COMPILER_APPICON_NAME = AppIcon;
				INFOPLIST_FILE = SpriteKitSimpleGame/Info.plist;
				LD_RUNPATH_SEARCH_PATHS = "$(inherited) @executable_path/Frameworks";
				PRODUCT_BUNDLE_IDENTIFIER = org.mitien.SpriteKitSimpleGame;
				PRODUCT_NAME = "$(TARGET_NAME)";
				TARGETED_DEVICE_FAMILY = 1;
			};
			name = Release;
		};
/* End XCBuildConfiguration section */

/* Begin XCConfigurationList section */
		1F0407791BFD376900C8E890 /* Build configuration list for PBXProject "SpriteKitSimpleGame" */ = {
			isa = XCConfigurationList;
			buildConfigurations = (
				1F0407921BFD376900C8E890 /* Debug */,
				1F0407931BFD376900C8E890 /* Release */,
			);
			defaultConfigurationIsVisible = 0;
			defaultConfigurationName = Release;
		};
		1F0407941BFD376900C8E890 /* Build configuration list for PBXNativeTarget "SpriteKitSimpleGame" */ = {
			isa = XCConfigurationList;
			buildConfigurations = (
				1F0407951BFD376900C8E890 /* Debug */,
				1F0407961BFD376900C8E890 /* Release */,
			);
			defaultConfigurationIsVisible = 0;
		};
/* End XCConfigurationList section */
	};
	rootObject = 1F0407761BFD376900C8E890 /* Project object */;
}
